// !$*UTF8*$!
{
	archiveVersion = 1;
	classes = {
	};
	objectVersion = 50;
	objects = {

/* Begin PBXBuildFile section */
		4491BE9A63F629FADA447459 /* Pods_TumblrUITests.framework in Frameworks */ = {isa = PBXBuildFile; fileRef = 2554B2DE5B7E11342F05EBDE /* Pods_TumblrUITests.framework */; };
		822A08864C41FE3F14F82626 /* Pods_TumblrTests.framework in Frameworks */ = {isa = PBXBuildFile; fileRef = CC8E28B16B0F625F7C41B3A8 /* Pods_TumblrTests.framework */; };
		EC0A08C95A06307B88294388 /* Pods_Tumblr.framework in Frameworks */ = {isa = PBXBuildFile; fileRef = DF6994424A83B3B35D66C40C /* Pods_Tumblr.framework */; };
		F8C216A92141D5B9008B4752 /* AppDelegate.swift in Sources */ = {isa = PBXBuildFile; fileRef = F8C216A82141D5B9008B4752 /* AppDelegate.swift */; };
		F8C216AE2141D5B9008B4752 /* Main.storyboard in Resources */ = {isa = PBXBuildFile; fileRef = F8C216AC2141D5B9008B4752 /* Main.storyboard */; };
		F8C216B02141D5BA008B4752 /* Assets.xcassets in Resources */ = {isa = PBXBuildFile; fileRef = F8C216AF2141D5BA008B4752 /* Assets.xcassets */; };
		F8C216B32141D5BA008B4752 /* LaunchScreen.storyboard in Resources */ = {isa = PBXBuildFile; fileRef = F8C216B12141D5BA008B4752 /* LaunchScreen.storyboard */; };
		F8C216BE2141D5BA008B4752 /* TumblrTests.swift in Sources */ = {isa = PBXBuildFile; fileRef = F8C216BD2141D5BA008B4752 /* TumblrTests.swift */; };
		F8C216C92141D5BA008B4752 /* TumblrUITests.swift in Sources */ = {isa = PBXBuildFile; fileRef = F8C216C82141D5BA008B4752 /* TumblrUITests.swift */; };
		F8C216D72141DB15008B4752 /* PhotosViewController.swift in Sources */ = {isa = PBXBuildFile; fileRef = F8C216D62141DB15008B4752 /* PhotosViewController.swift */; };
		F8C216D92141DB3F008B4752 /* PhotoCell.swift in Sources */ = {isa = PBXBuildFile; fileRef = F8C216D82141DB3F008B4752 /* PhotoCell.swift */; };
/* End PBXBuildFile section */

/* Begin PBXContainerItemProxy section */
		F8C216BA2141D5BA008B4752 /* PBXContainerItemProxy */ = {
			isa = PBXContainerItemProxy;
			containerPortal = F8C2169D2141D5B9008B4752 /* Project object */;
			proxyType = 1;
			remoteGlobalIDString = F8C216A42141D5B9008B4752;
			remoteInfo = Tumblr;
		};
		F8C216C52141D5BA008B4752 /* PBXContainerItemProxy */ = {
			isa = PBXContainerItemProxy;
			containerPortal = F8C2169D2141D5B9008B4752 /* Project object */;
			proxyType = 1;
			remoteGlobalIDString = F8C216A42141D5B9008B4752;
			remoteInfo = Tumblr;
		};
/* End PBXContainerItemProxy section */

/* Begin PBXFileReference section */
		21DA61E016BD3A2334F2B846 /* Pods-Tumblr.release.xcconfig */ = {isa = PBXFileReference; includeInIndex = 1; lastKnownFileType = text.xcconfig; name = "Pods-Tumblr.release.xcconfig"; path = "Pods/Target Support Files/Pods-Tumblr/Pods-Tumblr.release.xcconfig"; sourceTree = "<group>"; };
		2554B2DE5B7E11342F05EBDE /* Pods_TumblrUITests.framework */ = {isa = PBXFileReference; explicitFileType = wrapper.framework; includeInIndex = 0; path = Pods_TumblrUITests.framework; sourceTree = BUILT_PRODUCTS_DIR; };
		3069E00AD9D48522B61C3B39 /* Pods-TumblrUITests.release.xcconfig */ = {isa = PBXFileReference; includeInIndex = 1; lastKnownFileType = text.xcconfig; name = "Pods-TumblrUITests.release.xcconfig"; path = "Pods/Target Support Files/Pods-TumblrUITests/Pods-TumblrUITests.release.xcconfig"; sourceTree = "<group>"; };
		78719C57C3E9AA08D63BE96D /* Pods-TumblrUITests.debug.xcconfig */ = {isa = PBXFileReference; includeInIndex = 1; lastKnownFileType = text.xcconfig; name = "Pods-TumblrUITests.debug.xcconfig"; path = "Pods/Target Support Files/Pods-TumblrUITests/Pods-TumblrUITests.debug.xcconfig"; sourceTree = "<group>"; };
		82026276CB6C9E0AC1660144 /* Pods-Tumblr.debug.xcconfig */ = {isa = PBXFileReference; includeInIndex = 1; lastKnownFileType = text.xcconfig; name = "Pods-Tumblr.debug.xcconfig"; path = "Pods/Target Support Files/Pods-Tumblr/Pods-Tumblr.debug.xcconfig"; sourceTree = "<group>"; };
		91B2E1AAAEBDBB20B3C3CB3C /* Pods-TumblrTests.release.xcconfig */ = {isa = PBXFileReference; includeInIndex = 1; lastKnownFileType = text.xcconfig; name = "Pods-TumblrTests.release.xcconfig"; path = "Pods/Target Support Files/Pods-TumblrTests/Pods-TumblrTests.release.xcconfig"; sourceTree = "<group>"; };
		CC8E28B16B0F625F7C41B3A8 /* Pods_TumblrTests.framework */ = {isa = PBXFileReference; explicitFileType = wrapper.framework; includeInIndex = 0; path = Pods_TumblrTests.framework; sourceTree = BUILT_PRODUCTS_DIR; };
		D8BBA44B395200356298BC60 /* Pods-TumblrTests.debug.xcconfig */ = {isa = PBXFileReference; includeInIndex = 1; lastKnownFileType = text.xcconfig; name = "Pods-TumblrTests.debug.xcconfig"; path = "Pods/Target Support Files/Pods-TumblrTests/Pods-TumblrTests.debug.xcconfig"; sourceTree = "<group>"; };
		DF6994424A83B3B35D66C40C /* Pods_Tumblr.framework */ = {isa = PBXFileReference; explicitFileType = wrapper.framework; includeInIndex = 0; path = Pods_Tumblr.framework; sourceTree = BUILT_PRODUCTS_DIR; };
		F8C216A52141D5B9008B4752 /* Tumblr.app */ = {isa = PBXFileReference; explicitFileType = wrapper.application; includeInIndex = 0; path = Tumblr.app; sourceTree = BUILT_PRODUCTS_DIR; };
		F8C216A82141D5B9008B4752 /* AppDelegate.swift */ = {isa = PBXFileReference; lastKnownFileType = sourcecode.swift; path = AppDelegate.swift; sourceTree = "<group>"; };
		F8C216AD2141D5B9008B4752 /* Base */ = {isa = PBXFileReference; lastKnownFileType = file.storyboard; name = Base; path = Base.lproj/Main.storyboard; sourceTree = "<group>"; };
		F8C216AF2141D5BA008B4752 /* Assets.xcassets */ = {isa = PBXFileReference; lastKnownFileType = folder.assetcatalog; path = Assets.xcassets; sourceTree = "<group>"; };
		F8C216B22141D5BA008B4752 /* Base */ = {isa = PBXFileReference; lastKnownFileType = file.storyboard; name = Base; path = Base.lproj/LaunchScreen.storyboard; sourceTree = "<group>"; };
		F8C216B42141D5BA008B4752 /* Info.plist */ = {isa = PBXFileReference; lastKnownFileType = text.plist.xml; path = Info.plist; sourceTree = "<group>"; };
		F8C216B92141D5BA008B4752 /* TumblrTests.xctest */ = {isa = PBXFileReference; explicitFileType = wrapper.cfbundle; includeInIndex = 0; path = TumblrTests.xctest; sourceTree = BUILT_PRODUCTS_DIR; };
		F8C216BD2141D5BA008B4752 /* TumblrTests.swift */ = {isa = PBXFileReference; lastKnownFileType = sourcecode.swift; path = TumblrTests.swift; sourceTree = "<group>"; };
		F8C216BF2141D5BA008B4752 /* Info.plist */ = {isa = PBXFileReference; lastKnownFileType = text.plist.xml; path = Info.plist; sourceTree = "<group>"; };
		F8C216C42141D5BA008B4752 /* TumblrUITests.xctest */ = {isa = PBXFileReference; explicitFileType = wrapper.cfbundle; includeInIndex = 0; path = TumblrUITests.xctest; sourceTree = BUILT_PRODUCTS_DIR; };
		F8C216C82141D5BA008B4752 /* TumblrUITests.swift */ = {isa = PBXFileReference; lastKnownFileType = sourcecode.swift; path = TumblrUITests.swift; sourceTree = "<group>"; };
		F8C216CA2141D5BA008B4752 /* Info.plist */ = {isa = PBXFileReference; lastKnownFileType = text.plist.xml; path = Info.plist; sourceTree = "<group>"; };
		F8C216D62141DB15008B4752 /* PhotosViewController.swift */ = {isa = PBXFileReference; lastKnownFileType = sourcecode.swift; path = PhotosViewController.swift; sourceTree = "<group>"; };
		F8C216D82141DB3F008B4752 /* PhotoCell.swift */ = {isa = PBXFileReference; lastKnownFileType = sourcecode.swift; path = PhotoCell.swift; sourceTree = "<group>"; };
/* End PBXFileReference section */

/* Begin PBXFrameworksBuildPhase section */
		F8C216A22141D5B9008B4752 /* Frameworks */ = {
			isa = PBXFrameworksBuildPhase;
			buildActionMask = 2147483647;
			files = (
				EC0A08C95A06307B88294388 /* Pods_Tumblr.framework in Frameworks */,
			);
			runOnlyForDeploymentPostprocessing = 0;
		};
		F8C216B62141D5BA008B4752 /* Frameworks */ = {
			isa = PBXFrameworksBuildPhase;
			buildActionMask = 2147483647;
			files = (
				822A08864C41FE3F14F82626 /* Pods_TumblrTests.framework in Frameworks */,
			);
			runOnlyForDeploymentPostprocessing = 0;
		};
		F8C216C12141D5BA008B4752 /* Frameworks */ = {
			isa = PBXFrameworksBuildPhase;
			buildActionMask = 2147483647;
			files = (
				4491BE9A63F629FADA447459 /* Pods_TumblrUITests.framework in Frameworks */,
			);
			runOnlyForDeploymentPostprocessing = 0;
		};
/* End PBXFrameworksBuildPhase section */

/* Begin PBXGroup section */
		69A90806636023F3D23E4CE4 /* Frameworks */ = {
			isa = PBXGroup;
			children = (
				DF6994424A83B3B35D66C40C /* Pods_Tumblr.framework */,
				CC8E28B16B0F625F7C41B3A8 /* Pods_TumblrTests.framework */,
				2554B2DE5B7E11342F05EBDE /* Pods_TumblrUITests.framework */,
			);
			name = Frameworks;
			sourceTree = "<group>";
		};
		B0A2A6A25859E775886D974F /* Pods */ = {
			isa = PBXGroup;
			children = (
				82026276CB6C9E0AC1660144 /* Pods-Tumblr.debug.xcconfig */,
				21DA61E016BD3A2334F2B846 /* Pods-Tumblr.release.xcconfig */,
				D8BBA44B395200356298BC60 /* Pods-TumblrTests.debug.xcconfig */,
				91B2E1AAAEBDBB20B3C3CB3C /* Pods-TumblrTests.release.xcconfig */,
				78719C57C3E9AA08D63BE96D /* Pods-TumblrUITests.debug.xcconfig */,
				3069E00AD9D48522B61C3B39 /* Pods-TumblrUITests.release.xcconfig */,
			);
			name = Pods;
			sourceTree = "<group>";
		};
		F8C2169C2141D5B9008B4752 = {
			isa = PBXGroup;
			children = (
				F8C216A72141D5B9008B4752 /* Tumblr */,
				F8C216BC2141D5BA008B4752 /* TumblrTests */,
				F8C216C72141D5BA008B4752 /* TumblrUITests */,
				F8C216A62141D5B9008B4752 /* Products */,
				B0A2A6A25859E775886D974F /* Pods */,
				69A90806636023F3D23E4CE4 /* Frameworks */,
			);
			sourceTree = "<group>";
		};
		F8C216A62141D5B9008B4752 /* Products */ = {
			isa = PBXGroup;
			children = (
				F8C216A52141D5B9008B4752 /* Tumblr.app */,
				F8C216B92141D5BA008B4752 /* TumblrTests.xctest */,
				F8C216C42141D5BA008B4752 /* TumblrUITests.xctest */,
			);
			name = Products;
			sourceTree = "<group>";
		};
		F8C216A72141D5B9008B4752 /* Tumblr */ = {
			isa = PBXGroup;
			children = (
				F8C216D62141DB15008B4752 /* PhotosViewController.swift */,
				F8C216A82141D5B9008B4752 /* AppDelegate.swift */,
				F8C216AC2141D5B9008B4752 /* Main.storyboard */,
				F8C216AF2141D5BA008B4752 /* Assets.xcassets */,
				F8C216B12141D5BA008B4752 /* LaunchScreen.storyboard */,
				F8C216B42141D5BA008B4752 /* Info.plist */,
				F8C216D82141DB3F008B4752 /* PhotoCell.swift */,
			);
			path = Tumblr;
			sourceTree = "<group>";
		};
		F8C216BC2141D5BA008B4752 /* TumblrTests */ = {
			isa = PBXGroup;
			children = (
				F8C216BD2141D5BA008B4752 /* TumblrTests.swift */,
				F8C216BF2141D5BA008B4752 /* Info.plist */,
			);
			path = TumblrTests;
			sourceTree = "<group>";
		};
		F8C216C72141D5BA008B4752 /* TumblrUITests */ = {
			isa = PBXGroup;
			children = (
				F8C216C82141D5BA008B4752 /* TumblrUITests.swift */,
				F8C216CA2141D5BA008B4752 /* Info.plist */,
			);
			path = TumblrUITests;
			sourceTree = "<group>";
		};
/* End PBXGroup section */

/* Begin PBXNativeTarget section */
		F8C216A42141D5B9008B4752 /* Tumblr */ = {
			isa = PBXNativeTarget;
			buildConfigurationList = F8C216CD2141D5BA008B4752 /* Build configuration list for PBXNativeTarget "Tumblr" */;
			buildPhases = (
				67AF1DD1448242EDA23C480C /* [CP] Check Pods Manifest.lock */,
				F8C216A12141D5B9008B4752 /* Sources */,
				F8C216A22141D5B9008B4752 /* Frameworks */,
				F8C216A32141D5B9008B4752 /* Resources */,
				DAFFC44CD5CBDC68BDEA7075 /* [CP] Embed Pods Frameworks */,
			);
			buildRules = (
			);
			dependencies = (
			);
			name = Tumblr;
			productName = Tumblr;
			productReference = F8C216A52141D5B9008B4752 /* Tumblr.app */;
			productType = "com.apple.product-type.application";
		};
		F8C216B82141D5BA008B4752 /* TumblrTests */ = {
			isa = PBXNativeTarget;
			buildConfigurationList = F8C216D02141D5BA008B4752 /* Build configuration list for PBXNativeTarget "TumblrTests" */;
			buildPhases = (
				6AA7E06A3F39A348C9A9DB7F /* [CP] Check Pods Manifest.lock */,
				F8C216B52141D5BA008B4752 /* Sources */,
				F8C216B62141D5BA008B4752 /* Frameworks */,
				F8C216B72141D5BA008B4752 /* Resources */,
			);
			buildRules = (
			);
			dependencies = (
				F8C216BB2141D5BA008B4752 /* PBXTargetDependency */,
			);
			name = TumblrTests;
			productName = TumblrTests;
			productReference = F8C216B92141D5BA008B4752 /* TumblrTests.xctest */;
			productType = "com.apple.product-type.bundle.unit-test";
		};
		F8C216C32141D5BA008B4752 /* TumblrUITests */ = {
			isa = PBXNativeTarget;
			buildConfigurationList = F8C216D32141D5BA008B4752 /* Build configuration list for PBXNativeTarget "TumblrUITests" */;
			buildPhases = (
				F5BA61BE6220400BD1257219 /* [CP] Check Pods Manifest.lock */,
				F8C216C02141D5BA008B4752 /* Sources */,
				F8C216C12141D5BA008B4752 /* Frameworks */,
				F8C216C22141D5BA008B4752 /* Resources */,
			);
			buildRules = (
			);
			dependencies = (
				F8C216C62141D5BA008B4752 /* PBXTargetDependency */,
			);
			name = TumblrUITests;
			productName = TumblrUITests;
			productReference = F8C216C42141D5BA008B4752 /* TumblrUITests.xctest */;
			productType = "com.apple.product-type.bundle.ui-testing";
		};
/* End PBXNativeTarget section */

/* Begin PBXProject section */
		F8C2169D2141D5B9008B4752 /* Project object */ = {
			isa = PBXProject;
			attributes = {
				LastSwiftUpdateCheck = 0930;
				LastUpgradeCheck = 0930;
				ORGANIZATIONNAME = Gordon;
				TargetAttributes = {
					F8C216A42141D5B9008B4752 = {
						CreatedOnToolsVersion = 9.3;
					};
					F8C216B82141D5BA008B4752 = {
						CreatedOnToolsVersion = 9.3;
						TestTargetID = F8C216A42141D5B9008B4752;
					};
					F8C216C32141D5BA008B4752 = {
						CreatedOnToolsVersion = 9.3;
						TestTargetID = F8C216A42141D5B9008B4752;
					};
				};
			};
			buildConfigurationList = F8C216A02141D5B9008B4752 /* Build configuration list for PBXProject "Tumblr" */;
			compatibilityVersion = "Xcode 9.3";
			developmentRegion = en;
			hasScannedForEncodings = 0;
			knownRegions = (
				en,
				Base,
			);
			mainGroup = F8C2169C2141D5B9008B4752;
			productRefGroup = F8C216A62141D5B9008B4752 /* Products */;
			projectDirPath = "";
			projectRoot = "";
			targets = (
				F8C216A42141D5B9008B4752 /* Tumblr */,
				F8C216B82141D5BA008B4752 /* TumblrTests */,
				F8C216C32141D5BA008B4752 /* TumblrUITests */,
			);
		};
/* End PBXProject section */

/* Begin PBXResourcesBuildPhase section */
		F8C216A32141D5B9008B4752 /* Resources */ = {
			isa = PBXResourcesBuildPhase;
			buildActionMask = 2147483647;
			files = (
				F8C216B32141D5BA008B4752 /* LaunchScreen.storyboard in Resources */,
				F8C216B02141D5BA008B4752 /* Assets.xcassets in Resources */,
				F8C216AE2141D5B9008B4752 /* Main.storyboard in Resources */,
			);
			runOnlyForDeploymentPostprocessing = 0;
		};
		F8C216B72141D5BA008B4752 /* Resources */ = {
			isa = PBXResourcesBuildPhase;
			buildActionMask = 2147483647;
			files = (
			);
			runOnlyForDeploymentPostprocessing = 0;
		};
		F8C216C22141D5BA008B4752 /* Resources */ = {
			isa = PBXResourcesBuildPhase;
			buildActionMask = 2147483647;
			files = (
			);
			runOnlyForDeploymentPostprocessing = 0;
		};
/* End PBXResourcesBuildPhase section */

/* Begin PBXShellScriptBuildPhase section */
		67AF1DD1448242EDA23C480C /* [CP] Check Pods Manifest.lock */ = {
			isa = PBXShellScriptBuildPhase;
			buildActionMask = 2147483647;
			files = (
			);
			inputFileListPaths = (
			);
			inputPaths = (
				"${PODS_PODFILE_DIR_PATH}/Podfile.lock",
				"${PODS_ROOT}/Manifest.lock",
			);
			name = "[CP] Check Pods Manifest.lock";
			outputFileListPaths = (
			);
			outputPaths = (
				"$(DERIVED_FILE_DIR)/Pods-Tumblr-checkManifestLockResult.txt",
			);
			runOnlyForDeploymentPostprocessing = 0;
			shellPath = /bin/sh;
			shellScript = "diff \"${PODS_PODFILE_DIR_PATH}/Podfile.lock\" \"${PODS_ROOT}/Manifest.lock\" > /dev/null\nif [ $? != 0 ] ; then\n    # print error to STDERR\n    echo \"error: The sandbox is not in sync with the Podfile.lock. Run 'pod install' or update your CocoaPods installation.\" >&2\n    exit 1\nfi\n# This output is used by Xcode 'outputs' to avoid re-running this script phase.\necho \"SUCCESS\" > \"${SCRIPT_OUTPUT_FILE_0}\"\n";
			showEnvVarsInLog = 0;
		};
		6AA7E06A3F39A348C9A9DB7F /* [CP] Check Pods Manifest.lock */ = {
			isa = PBXShellScriptBuildPhase;
			buildActionMask = 2147483647;
			files = (
			);
			inputFileListPaths = (
			);
			inputPaths = (
				"${PODS_PODFILE_DIR_PATH}/Podfile.lock",
				"${PODS_ROOT}/Manifest.lock",
			);
			name = "[CP] Check Pods Manifest.lock";
			outputFileListPaths = (
			);
			outputPaths = (
				"$(DERIVED_FILE_DIR)/Pods-TumblrTests-checkManifestLockResult.txt",
			);
			runOnlyForDeploymentPostprocessing = 0;
			shellPath = /bin/sh;
			shellScript = "diff \"${PODS_PODFILE_DIR_PATH}/Podfile.lock\" \"${PODS_ROOT}/Manifest.lock\" > /dev/null\nif [ $? != 0 ] ; then\n    # print error to STDERR\n    echo \"error: The sandbox is not in sync with the Podfile.lock. Run 'pod install' or update your CocoaPods installation.\" >&2\n    exit 1\nfi\n# This output is used by Xcode 'outputs' to avoid re-running this script phase.\necho \"SUCCESS\" > \"${SCRIPT_OUTPUT_FILE_0}\"\n";
			showEnvVarsInLog = 0;
		};
		DAFFC44CD5CBDC68BDEA7075 /* [CP] Embed Pods Frameworks */ = {
			isa = PBXShellScriptBuildPhase;
			buildActionMask = 2147483647;
			files = (
			);
			inputFileListPaths = (
			);
			inputPaths = (
				"${SRCROOT}/Pods/Target Support Files/Pods-Tumblr/Pods-Tumblr-frameworks.sh",
				"${BUILT_PRODUCTS_DIR}/Alamofire/Alamofire.framework",
				"${BUILT_PRODUCTS_DIR}/AlamofireImage/AlamofireImage.framework",
			);
			name = "[CP] Embed Pods Frameworks";
			outputFileListPaths = (
			);
			outputPaths = (
				"${TARGET_BUILD_DIR}/${FRAMEWORKS_FOLDER_PATH}/Alamofire.framework",
				"${TARGET_BUILD_DIR}/${FRAMEWORKS_FOLDER_PATH}/AlamofireImage.framework",
			);
			runOnlyForDeploymentPostprocessing = 0;
			shellPath = /bin/sh;
			shellScript = "\"${SRCROOT}/Pods/Target Support Files/Pods-Tumblr/Pods-Tumblr-frameworks.sh\"\n";
			showEnvVarsInLog = 0;
		};
		F5BA61BE6220400BD1257219 /* [CP] Check Pods Manifest.lock */ = {
			isa = PBXShellScriptBuildPhase;
			buildActionMask = 2147483647;
			files = (
			);
			inputFileListPaths = (
			);
			inputPaths = (
				"${PODS_PODFILE_DIR_PATH}/Podfile.lock",
				"${PODS_ROOT}/Manifest.lock",
			);
			name = "[CP] Check Pods Manifest.lock";
			outputFileListPaths = (
			);
			outputPaths = (
				"$(DERIVED_FILE_DIR)/Pods-TumblrUITests-checkManifestLockResult.txt",
			);
			runOnlyForDeploymentPostprocessing = 0;
			shellPath = /bin/sh;
			shellScript = "diff \"${PODS_PODFILE_DIR_PATH}/Podfile.lock\" \"${PODS_ROOT}/Manifest.lock\" > /dev/null\nif [ $? != 0 ] ; then\n    # print error to STDERR\n    echo \"error: The sandbox is not in sync with the Podfile.lock. Run 'pod install' or update your CocoaPods installation.\" >&2\n    exit 1\nfi\n# This output is used by Xcode 'outputs' to avoid re-running this script phase.\necho \"SUCCESS\" > \"${SCRIPT_OUTPUT_FILE_0}\"\n";
			showEnvVarsInLog = 0;
		};
/* End PBXShellScriptBuildPhase section */

/* Begin PBXSourcesBuildPhase section */
		F8C216A12141D5B9008B4752 /* Sources */ = {
			isa = PBXSourcesBuildPhase;
			buildActionMask = 2147483647;
			files = (
				F8C216A92141D5B9008B4752 /* AppDelegate.swift in Sources */,
				F8C216D92141DB3F008B4752 /* PhotoCell.swift in Sources */,
				F8C216D72141DB15008B4752 /* PhotosViewController.swift in Sources */,
			);
			runOnlyForDeploymentPostprocessing = 0;
		};
		F8C216B52141D5BA008B4752 /* Sources */ = {
			isa = PBXSourcesBuildPhase;
			buildActionMask = 2147483647;
			files = (
				F8C216BE2141D5BA008B4752 /* TumblrTests.swift in Sources */,
			);
			runOnlyForDeploymentPostprocessing = 0;
		};
		F8C216C02141D5BA008B4752 /* Sources */ = {
			isa = PBXSourcesBuildPhase;
			buildActionMask = 2147483647;
			files = (
				F8C216C92141D5BA008B4752 /* TumblrUITests.swift in Sources */,
			);
			runOnlyForDeploymentPostprocessing = 0;
		};
/* End PBXSourcesBuildPhase section */

/* Begin PBXTargetDependency section */
		F8C216BB2141D5BA008B4752 /* PBXTargetDependency */ = {
			isa = PBXTargetDependency;
			target = F8C216A42141D5B9008B4752 /* Tumblr */;
			targetProxy = F8C216BA2141D5BA008B4752 /* PBXContainerItemProxy */;
		};
		F8C216C62141D5BA008B4752 /* PBXTargetDependency */ = {
			isa = PBXTargetDependency;
			target = F8C216A42141D5B9008B4752 /* Tumblr */;
			targetProxy = F8C216C52141D5BA008B4752 /* PBXContainerItemProxy */;
		};
/* End PBXTargetDependency section */

/* Begin PBXVariantGroup section */
		F8C216AC2141D5B9008B4752 /* Main.storyboard */ = {
			isa = PBXVariantGroup;
			children = (
				F8C216AD2141D5B9008B4752 /* Base */,
			);
			name = Main.storyboard;
			sourceTree = "<group>";
		};
		F8C216B12141D5BA008B4752 /* LaunchScreen.storyboard */ = {
			isa = PBXVariantGroup;
			children = (
				F8C216B22141D5BA008B4752 /* Base */,
			);
			name = LaunchScreen.storyboard;
			sourceTree = "<group>";
		};
/* End PBXVariantGroup section */

/* Begin XCBuildConfiguration section */
		F8C216CB2141D5BA008B4752 /* Debug */ = {
			isa = XCBuildConfiguration;
			buildSettings = {
				ALWAYS_SEARCH_USER_PATHS = NO;
				CLANG_ANALYZER_NONNULL = YES;
				CLANG_ANALYZER_NUMBER_OBJECT_CONVERSION = YES_AGGRESSIVE;
				CLANG_CXX_LANGUAGE_STANDARD = "gnu++14";
				CLANG_CXX_LIBRARY = "libc++";
				CLANG_ENABLE_MODULES = YES;
				CLANG_ENABLE_OBJC_ARC = YES;
				CLANG_ENABLE_OBJC_WEAK = YES;
				CLANG_WARN_BLOCK_CAPTURE_AUTORELEASING = YES;
				CLANG_WARN_BOOL_CONVERSION = YES;
				CLANG_WARN_COMMA = YES;
				CLANG_WARN_CONSTANT_CONVERSION = YES;
				CLANG_WARN_DEPRECATED_OBJC_IMPLEMENTATIONS = YES;
				CLANG_WARN_DIRECT_OBJC_ISA_USAGE = YES_ERROR;
				CLANG_WARN_DOCUMENTATION_COMMENTS = YES;
				CLANG_WARN_EMPTY_BODY = YES;
				CLANG_WARN_ENUM_CONVERSION = YES;
				CLANG_WARN_INFINITE_RECURSION = YES;
				CLANG_WARN_INT_CONVERSION = YES;
				CLANG_WARN_NON_LITERAL_NULL_CONVERSION = YES;
				CLANG_WARN_OBJC_IMPLICIT_RETAIN_SELF = YES;
				CLANG_WARN_OBJC_LITERAL_CONVERSION = YES;
				CLANG_WARN_OBJC_ROOT_CLASS = YES_ERROR;
				CLANG_WARN_RANGE_LOOP_ANALYSIS = YES;
				CLANG_WARN_STRICT_PROTOTYPES = YES;
				CLANG_WARN_SUSPICIOUS_MOVE = YES;
				CLANG_WARN_UNGUARDED_AVAILABILITY = YES_AGGRESSIVE;
				CLANG_WARN_UNREACHABLE_CODE = YES;
				CLANG_WARN__DUPLICATE_METHOD_MATCH = YES;
				CODE_SIGN_IDENTITY = "iPhone Developer";
				COPY_PHASE_STRIP = NO;
				DEBUG_INFORMATION_FORMAT = dwarf;
				ENABLE_STRICT_OBJC_MSGSEND = YES;
				ENABLE_TESTABILITY = YES;
				GCC_C_LANGUAGE_STANDARD = gnu11;
				GCC_DYNAMIC_NO_PIC = NO;
				GCC_NO_COMMON_BLOCKS = YES;
				GCC_OPTIMIZATION_LEVEL = 0;
				GCC_PREPROCESSOR_DEFINITIONS = (
					"DEBUG=1",
					"$(inherited)",
				);
				GCC_WARN_64_TO_32_BIT_CONVERSION = YES;
				GCC_WARN_ABOUT_RETURN_TYPE = YES_ERROR;
				GCC_WARN_UNDECLARED_SELECTOR = YES;
				GCC_WARN_UNINITIALIZED_AUTOS = YES_AGGRESSIVE;
				GCC_WARN_UNUSED_FUNCTION = YES;
				GCC_WARN_UNUSED_VARIABLE = YES;
				IPHONEOS_DEPLOYMENT_TARGET = 11.3;
				MTL_ENABLE_DEBUG_INFO = YES;
				ONLY_ACTIVE_ARCH = YES;
				SDKROOT = iphoneos;
				SWIFT_ACTIVE_COMPILATION_CONDITIONS = DEBUG;
				SWIFT_OPTIMIZATION_LEVEL = "-Onone";
			};
			name = Debug;
		};
		F8C216CC2141D5BA008B4752 /* Release */ = {
			isa = XCBuildConfiguration;
			buildSettings = {
				ALWAYS_SEARCH_USER_PATHS = NO;
				CLANG_ANALYZER_NONNULL = YES;
				CLANG_ANALYZER_NUMBER_OBJECT_CONVERSION = YES_AGGRESSIVE;
				CLANG_CXX_LANGUAGE_STANDARD = "gnu++14";
				CLANG_CXX_LIBRARY = "libc++";
				CLANG_ENABLE_MODULES = YES;
				CLANG_ENABLE_OBJC_ARC = YES;
				CLANG_ENABLE_OBJC_WEAK = YES;
				CLANG_WARN_BLOCK_CAPTURE_AUTORELEASING = YES;
				CLANG_WARN_BOOL_CONVERSION = YES;
				CLANG_WARN_COMMA = YES;
				CLANG_WARN_CONSTANT_CONVERSION = YES;
				CLANG_WARN_DEPRECATED_OBJC_IMPLEMENTATIONS = YES;
				CLANG_WARN_DIRECT_OBJC_ISA_USAGE = YES_ERROR;
				CLANG_WARN_DOCUMENTATION_COMMENTS = YES;
				CLANG_WARN_EMPTY_BODY = YES;
				CLANG_WARN_ENUM_CONVERSION = YES;
				CLANG_WARN_INFINITE_RECURSION = YES;
				CLANG_WARN_INT_CONVERSION = YES;
				CLANG_WARN_NON_LITERAL_NULL_CONVERSION = YES;
				CLANG_WARN_OBJC_IMPLICIT_RETAIN_SELF = YES;
				CLANG_WARN_OBJC_LITERAL_CONVERSION = YES;
				CLANG_WARN_OBJC_ROOT_CLASS = YES_ERROR;
				CLANG_WARN_RANGE_LOOP_ANALYSIS = YES;
				CLANG_WARN_STRICT_PROTOTYPES = YES;
				CLANG_WARN_SUSPICIOUS_MOVE = YES;
				CLANG_WARN_UNGUARDED_AVAILABILITY = YES_AGGRESSIVE;
				CLANG_WARN_UNREACHABLE_CODE = YES;
				CLANG_WARN__DUPLICATE_METHOD_MATCH = YES;
				CODE_SIGN_IDENTITY = "iPhone Developer";
				COPY_PHASE_STRIP = NO;
				DEBUG_INFORMATION_FORMAT = "dwarf-with-dsym";
				ENABLE_NS_ASSERTIONS = NO;
				ENABLE_STRICT_OBJC_MSGSEND = YES;
				GCC_C_LANGUAGE_STANDARD = gnu11;
				GCC_NO_COMMON_BLOCKS = YES;
				GCC_WARN_64_TO_32_BIT_CONVERSION = YES;
				GCC_WARN_ABOUT_RETURN_TYPE = YES_ERROR;
				GCC_WARN_UNDECLARED_SELECTOR = YES;
				GCC_WARN_UNINITIALIZED_AUTOS = YES_AGGRESSIVE;
				GCC_WARN_UNUSED_FUNCTION = YES;
				GCC_WARN_UNUSED_VARIABLE = YES;
				IPHONEOS_DEPLOYMENT_TARGET = 11.3;
				MTL_ENABLE_DEBUG_INFO = NO;
				SDKROOT = iphoneos;
				SWIFT_OPTIMIZATION_LEVEL = "-Owholemodule";
				VALIDATE_PRODUCT = YES;
			};
			name = Release;
		};
		F8C216CE2141D5BA008B4752 /* Debug */ = {
			isa = XCBuildConfiguration;
			baseConfigurationReference = 82026276CB6C9E0AC1660144 /* Pods-Tumblr.debug.xcconfig */;
			buildSettings = {
				ASSETCATALOG_COMPILER_APPICON_NAME = AppIcon;
				CODE_SIGN_STYLE = Automatic;
				INFOPLIST_FILE = Tumblr/Info.plist;
				LD_RUNPATH_SEARCH_PATHS = (
					"$(inherited)",
					"@executable_path/Frameworks",
				);
				PRODUCT_BUNDLE_IDENTIFIER = Gordon.Tumblr;
				PRODUCT_NAME = "$(TARGET_NAME)";
				SWIFT_VERSION = 4.0;
				TARGETED_DEVICE_FAMILY = "1,2";
			};
			name = Debug;
		};
		F8C216CF2141D5BA008B4752 /* Release */ = {
			isa = XCBuildConfiguration;
			baseConfigurationReference = 21DA61E016BD3A2334F2B846 /* Pods-Tumblr.release.xcconfig */;
			buildSettings = {
				ASSETCATALOG_COMPILER_APPICON_NAME = AppIcon;
				CODE_SIGN_STYLE = Automatic;
				INFOPLIST_FILE = Tumblr/Info.plist;
				LD_RUNPATH_SEARCH_PATHS = (
					"$(inherited)",
					"@executable_path/Frameworks",
				);
				PRODUCT_BUNDLE_IDENTIFIER = Gordon.Tumblr;
				PRODUCT_NAME = "$(TARGET_NAME)";
				SWIFT_VERSION = 4.0;
				TARGETED_DEVICE_FAMILY = "1,2";
			};
			name = Release;
		};
		F8C216D12141D5BA008B4752 /* Debug */ = {
			isa = XCBuildConfiguration;
			baseConfigurationReference = D8BBA44B395200356298BC60 /* Pods-TumblrTests.debug.xcconfig */;
			buildSettings = {
				ALWAYS_EMBED_SWIFT_STANDARD_LIBRARIES = YES;
				BUNDLE_LOADER = "$(TEST_HOST)";
				CODE_SIGN_STYLE = Automatic;
				INFOPLIST_FILE = TumblrTests/Info.plist;
				LD_RUNPATH_SEARCH_PATHS = (
					"$(inherited)",
					"@executable_path/Frameworks",
					"@loader_path/Frameworks",
				);
				PRODUCT_BUNDLE_IDENTIFIER = Gordon.TumblrTests;
				PRODUCT_NAME = "$(TARGET_NAME)";
				SWIFT_VERSION = 4.0;
				TARGETED_DEVICE_FAMILY = "1,2";
				TEST_HOST = "$(BUILT_PRODUCTS_DIR)/Tumblr.app/Tumblr";
			};
			name = Debug;
		};
		F8C216D22141D5BA008B4752 /* Release */ = {
			isa = XCBuildConfiguration;
			baseConfigurationReference = 91B2E1AAAEBDBB20B3C3CB3C /* Pods-TumblrTests.release.xcconfig */;
			buildSettings = {
				ALWAYS_EMBED_SWIFT_STANDARD_LIBRARIES = YES;
				BUNDLE_LOADER = "$(TEST_HOST)";
				CODE_SIGN_STYLE = Automatic;
				INFOPLIST_FILE = TumblrTests/Info.plist;
				LD_RUNPATH_SEARCH_PATHS = (
					"$(inherited)",
					"@executable_path/Frameworks",
					"@loader_path/Frameworks",
				);
				PRODUCT_BUNDLE_IDENTIFIER = Gordon.TumblrTests;
				PRODUCT_NAME = "$(TARGET_NAME)";
				SWIFT_VERSION = 4.0;
				TARGETED_DEVICE_FAMILY = "1,2";
				TEST_HOST = "$(BUILT_PRODUCTS_DIR)/Tumblr.app/Tumblr";
			};
			name = Release;
		};
		F8C216D42141D5BA008B4752 /* Debug */ = {
			isa = XCBuildConfiguration;
			baseConfigurationReference = 78719C57C3E9AA08D63BE96D /* Pods-TumblrUITests.debug.xcconfig */;
			buildSettings = {
				ALWAYS_EMBED_SWIFT_STANDARD_LIBRARIES = YES;
				CODE_SIGN_STYLE = Automatic;
				INFOPLIST_FILE = TumblrUITests/Info.plist;
				LD_RUNPATH_SEARCH_PATHS = (
					"$(inherited)",
					"@executable_path/Frameworks",
					"@loader_path/Frameworks",
				);
				PRODUCT_BUNDLE_IDENTIFIER = Gordon.TumblrUITests;
				PRODUCT_NAME = "$(TARGET_NAME)";
				SWIFT_VERSION = 4.0;
				TARGETED_DEVICE_FAMILY = "1,2";
				TEST_TARGET_NAME = Tumblr;
			};
			name = Debug;
		};
		F8C216D52141D5BA008B4752 /* Release */ = {
			isa = XCBuildConfiguration;
			baseConfigurationReference = 3069E00AD9D48522B61C3B39 /* Pods-TumblrUITests.release.xcconfig */;
			buildSettings = {
				ALWAYS_EMBED_SWIFT_STANDARD_LIBRARIES = YES;
				CODE_SIGN_STYLE = Automatic;
				INFOPLIST_FILE = TumblrUITests/Info.plist;
				LD_RUNPATH_SEARCH_PATHS = (
					"$(inherited)",
					"@executable_path/Frameworks",
					"@loader_path/Frameworks",
				);
				PRODUCT_BUNDLE_IDENTIFIER = Gordon.TumblrUITests;
				PRODUCT_NAME = "$(TARGET_NAME)";
				SWIFT_VERSION = 4.0;
				TARGETED_DEVICE_FAMILY = "1,2";
				TEST_TARGET_NAME = Tumblr;
			};
			name = Release;
		};
/* End XCBuildConfiguration section */

/* Begin XCConfigurationList section */
		F8C216A02141D5B9008B4752 /* Build configuration list for PBXProject "Tumblr" */ = {
			isa = XCConfigurationList;
			buildConfigurations = (
				F8C216CB2141D5BA008B4752 /* Debug */,
				F8C216CC2141D5BA008B4752 /* Release */,
			);
			defaultConfigurationIsVisible = 0;
			defaultConfigurationName = Release;
		};
		F8C216CD2141D5BA008B4752 /* Build configuration list for PBXNativeTarget "Tumblr" */ = {
			isa = XCConfigurationList;
			buildConfigurations = (
				F8C216CE2141D5BA008B4752 /* Debug */,
				F8C216CF2141D5BA008B4752 /* Release */,
			);
			defaultConfigurationIsVisible = 0;
			defaultConfigurationName = Release;
		};
		F8C216D02141D5BA008B4752 /* Build configuration list for PBXNativeTarget "TumblrTests" */ = {
			isa = XCConfigurationList;
			buildConfigurations = (
				F8C216D12141D5BA008B4752 /* Debug */,
				F8C216D22141D5BA008B4752 /* Release */,
			);
			defaultConfigurationIsVisible = 0;
			defaultConfigurationName = Release;
		};
		F8C216D32141D5BA008B4752 /* Build configuration list for PBXNativeTarget "TumblrUITests" */ = {
			isa = XCConfigurationList;
			buildConfigurations = (
				F8C216D42141D5BA008B4752 /* Debug */,
				F8C216D52141D5BA008B4752 /* Release */,
			);
			defaultConfigurationIsVisible = 0;
			defaultConfigurationName = Release;
		};
/* End XCConfigurationList section */
	};
	rootObject = F8C2169D2141D5B9008B4752 /* Project object */;
}
